
Microsoft Visual Studio Solution File, Format Version 12.00
Project("{FAE04EC0-301F-11D3-BF4B-00C04F79EFBC}") = "Day8", "Day8\Day8.csproj", "{B588581B-7FA1-4F24-BB3A-212416229612}"
EndProject
Global
	GlobalSection(SolutionConfigurationPlatforms) = preSolution
		Debug|Any CPU = Debug|Any CPU
		Release|Any CPU = Release|Any CPU
	EndGlobalSection
	GlobalSection(ProjectConfigurationPlatforms) = postSolution
		{B588581B-7FA1-4F24-BB3A-212416229612}.Debug|Any CPU.ActiveCfg = Debug|Any CPU
		{B588581B-7FA1-4F24-BB3A-212416229612}.Debug|Any CPU.Build.0 = Debug|Any CPU
		{B588581B-7FA1-4F24-BB3A-212416229612}.Release|Any CPU.ActiveCfg = Release|Any CPU
		{B588581B-7FA1-4F24-BB3A-212416229612}.Release|Any CPU.Build.0 = Release|Any CPU
	EndGlobalSection
EndGlobal
